<?xml version="1.0" encoding="utf-8"?>
<Project ToolsVersion="4.0" xmlns="http://schemas.microsoft.com/developer/msbuild/2003">
  <ItemGroup>
    <ClCompile Include="Main.cpp" />
    <ClCompile Include="MainGame.cpp" />
    <ClCompile Include="stdafx.cpp" />
    <ClCompile Include="Materials\ColorMaterial.cpp" />
    <ClCompile Include="Materials\DiffuseMaterial.cpp" />
    <ClCompile Include="Materials\DiffuseMaterial_Skinned.cpp" />
    <ClCompile Include="Materials\Shadow\DiffuseMaterial_Shadow.cpp" />
    <ClCompile Include="Materials\Shadow\DiffuseMaterial_Shadow_Skinned.cpp" />
    <ClCompile Include="Scenes\MainScene.cpp" />
    <ClCompile Include="Prefabs\Player.cpp" />
    <ClCompile Include="Prefabs\Level.cpp" />
    <ClCompile Include="Prefabs\Crate.cpp" />
    <ClCompile Include="Materials\Post\PostPixel.cpp" />
    <ClCompile Include="Materials\Post\PostBlur.cpp" />
    <ClCompile Include="Prefabs\Wumpa.cpp" />
    <ClCompile Include="Prefabs\WumpaHUD.cpp" />
    <ClCompile Include="Materials\SkyboxMaterial.cpp" />
    <ClCompile Include="Prefabs\Particles\CrateParticle.cpp" />
    <ClCompile Include="Prefabs\Particles\SpinParticle.cpp" />
  </ItemGroup>
  <ItemGroup>
    <ClInclude Include="MainGame.h" />
    <ClInclude Include="stdafx.h" />
    <ClInclude Include="Materials\ColorMaterial.h" />
    <ClInclude Include="Materials\DiffuseMaterial.h" />
    <ClInclude Include="Materials\DiffuseMaterial_Skinned.h" />
    <ClInclude Include="Materials\Shadow\DiffuseMaterial_Shadow.h" />
    <ClInclude Include="Materials\Shadow\DiffuseMaterial_Shadow_Skinned.h" />
    <ClInclude Include="Scenes\MainScene.h" />
    <ClInclude Include="Prefabs\Player.h" />
    <ClInclude Include="Prefabs\Level.h" />
    <ClInclude Include="Prefabs\Crate.h" />
    <ClInclude Include="Materials\Post\PostPixel.h" />
    <ClInclude Include="Materials\Post\PostBlur.h" />
    <ClInclude Include="Prefabs\Wumpa.h" />
    <ClInclude Include="Prefabs\WumpaHUD.h" />
    <ClInclude Include="Materials\SkyboxMaterial.h" />
    <ClInclude Include="Prefabs\Particles\CrateParticle.h" />
    <ClInclude Include="Prefabs\Particles\SpinParticle.h" />
  </ItemGroup>
</Project>